
Microsoft Visual Studio Solution File, Format Version 12.00
# Visual Studio 15
VisualStudioVersion = 15.0.27703.2026
MinimumVisualStudioVersion = 10.0.40219.1
Project("{FAE04EC0-301F-11D3-BF4B-00C04F79EFBC}") = "fizzbuzzTDD-169659", "fizzbuzzTDD-169659\fizzbuzzTDD-169659.csproj", "{22E08519-647F-4B1B-96E0-E91985C2F162}"
EndProject
Project("{FAE04EC0-301F-11D3-BF4B-00C04F79EFBC}") = "FIZZBUZZIMPLEMENTER", "FIZZBUZZIMPLEMENTER\FIZZBUZZIMPLEMENTER.csproj", "{EC4108AE-8CA2-41B9-8B78-04DE3B35D778}"
EndProject
Global
	GlobalSection(SolutionConfigurationPlatforms) = preSolution
		Debug|Any CPU = Debug|Any CPU
		Release|Any CPU = Release|Any CPU
	EndGlobalSection
	GlobalSection(ProjectConfigurationPlatforms) = postSolution
		{22E08519-647F-4B1B-96E0-E91985C2F162}.Debug|Any CPU.ActiveCfg = Debug|Any CPU
		{22E08519-647F-4B1B-96E0-E91985C2F162}.Debug|Any CPU.Build.0 = Debug|Any CPU
		{22E08519-647F-4B1B-96E0-E91985C2F162}.Release|Any CPU.ActiveCfg = Release|Any CPU
		{22E08519-647F-4B1B-96E0-E91985C2F162}.Release|Any CPU.Build.0 = Release|Any CPU
		{EC4108AE-8CA2-41B9-8B78-04DE3B35D778}.Debug|Any CPU.ActiveCfg = Debug|Any CPU
		{EC4108AE-8CA2-41B9-8B78-04DE3B35D778}.Debug|Any CPU.Build.0 = Debug|Any CPU
		{EC4108AE-8CA2-41B9-8B78-04DE3B35D778}.Release|Any CPU.ActiveCfg = Release|Any CPU
		{EC4108AE-8CA2-41B9-8B78-04DE3B35D778}.Release|Any CPU.Build.0 = Release|Any CPU
	EndGlobalSection
	GlobalSection(SolutionProperties) = preSolution
		HideSolutionNode = FALSE
	EndGlobalSection
	GlobalSection(ExtensibilityGlobals) = postSolution
		SolutionGuid = {A0A8BDEA-A72B-4847-B82D-15AD806785B3}
	EndGlobalSection
EndGlobal
